// !$*UTF8*$!
{
	archiveVersion = 1;
	classes = {
	};
	objectVersion = 46;
	objects = {

/* Begin PBXBuildFile section */
		0A496CDA2BBBABF417216439 /* Pods_TranslationTwitter2.framework in Frameworks */ = {isa = PBXBuildFile; fileRef = 128603C0BE07B55F6545536D /* Pods_TranslationTwitter2.framework */; };
		D70118631CA90D0E00B528D5 /* main.m in Sources */ = {isa = PBXBuildFile; fileRef = D70118621CA90D0E00B528D5 /* main.m */; };
		D70118661CA90D0E00B528D5 /* AppDelegate.m in Sources */ = {isa = PBXBuildFile; fileRef = D70118651CA90D0E00B528D5 /* AppDelegate.m */; };
		D70118691CA90D0E00B528D5 /* ViewController.m in Sources */ = {isa = PBXBuildFile; fileRef = D70118681CA90D0E00B528D5 /* ViewController.m */; };
		D701186C1CA90D0E00B528D5 /* Main.storyboard in Resources */ = {isa = PBXBuildFile; fileRef = D701186A1CA90D0E00B528D5 /* Main.storyboard */; };
		D701186E1CA90D0E00B528D5 /* Assets.xcassets in Resources */ = {isa = PBXBuildFile; fileRef = D701186D1CA90D0E00B528D5 /* Assets.xcassets */; };
		D70118711CA90D0E00B528D5 /* LaunchScreen.storyboard in Resources */ = {isa = PBXBuildFile; fileRef = D701186F1CA90D0E00B528D5 /* LaunchScreen.storyboard */; };
/* End PBXBuildFile section */

/* Begin PBXFileReference section */
		128603C0BE07B55F6545536D /* Pods_TranslationTwitter2.framework */ = {isa = PBXFileReference; explicitFileType = wrapper.framework; includeInIndex = 0; path = Pods_TranslationTwitter2.framework; sourceTree = BUILT_PRODUCTS_DIR; };
		586AAB3176832671EA2770B4 /* Pods-TranslationTwitter2.debug.xcconfig */ = {isa = PBXFileReference; includeInIndex = 1; lastKnownFileType = text.xcconfig; name = "Pods-TranslationTwitter2.debug.xcconfig"; path = "Pods/Target Support Files/Pods-TranslationTwitter2/Pods-TranslationTwitter2.debug.xcconfig"; sourceTree = "<group>"; };
		C595A80E96153BBB257F7869 /* Pods-TranslationTwitter2.release.xcconfig */ = {isa = PBXFileReference; includeInIndex = 1; lastKnownFileType = text.xcconfig; name = "Pods-TranslationTwitter2.release.xcconfig"; path = "Pods/Target Support Files/Pods-TranslationTwitter2/Pods-TranslationTwitter2.release.xcconfig"; sourceTree = "<group>"; };
		D701185E1CA90D0E00B528D5 /* TranslationTwitter2.app */ = {isa = PBXFileReference; explicitFileType = wrapper.application; includeInIndex = 0; path = TranslationTwitter2.app; sourceTree = BUILT_PRODUCTS_DIR; };
		D70118621CA90D0E00B528D5 /* main.m */ = {isa = PBXFileReference; lastKnownFileType = sourcecode.c.objc; path = main.m; sourceTree = "<group>"; };
		D70118641CA90D0E00B528D5 /* AppDelegate.h */ = {isa = PBXFileReference; lastKnownFileType = sourcecode.c.h; path = AppDelegate.h; sourceTree = "<group>"; };
		D70118651CA90D0E00B528D5 /* AppDelegate.m */ = {isa = PBXFileReference; lastKnownFileType = sourcecode.c.objc; path = AppDelegate.m; sourceTree = "<group>"; };
		D70118671CA90D0E00B528D5 /* ViewController.h */ = {isa = PBXFileReference; lastKnownFileType = sourcecode.c.h; path = ViewController.h; sourceTree = "<group>"; };
		D70118681CA90D0E00B528D5 /* ViewController.m */ = {isa = PBXFileReference; lastKnownFileType = sourcecode.c.objc; path = ViewController.m; sourceTree = "<group>"; };
		D701186B1CA90D0E00B528D5 /* Base */ = {isa = PBXFileReference; lastKnownFileType = file.storyboard; name = Base; path = Base.lproj/Main.storyboard; sourceTree = "<group>"; };
		D701186D1CA90D0E00B528D5 /* Assets.xcassets */ = {isa = PBXFileReference; lastKnownFileType = folder.assetcatalog; path = Assets.xcassets; sourceTree = "<group>"; };
		D70118701CA90D0E00B528D5 /* Base */ = {isa = PBXFileReference; lastKnownFileType = file.storyboard; name = Base; path = Base.lproj/LaunchScreen.storyboard; sourceTree = "<group>"; };
		D70118721CA90D0E00B528D5 /* Info.plist */ = {isa = PBXFileReference; lastKnownFileType = text.plist.xml; path = Info.plist; sourceTree = "<group>"; };
/* End PBXFileReference section */

/* Begin PBXFrameworksBuildPhase section */
		D701185B1CA90D0D00B528D5 /* Frameworks */ = {
			isa = PBXFrameworksBuildPhase;
			buildActionMask = 2147483647;
			files = (
				0A496CDA2BBBABF417216439 /* Pods_TranslationTwitter2.framework in Frameworks */,
			);
			runOnlyForDeploymentPostprocessing = 0;
		};
/* End PBXFrameworksBuildPhase section */

/* Begin PBXGroup section */
		33D7F10B7A6CCF240F531E15 /* Pods */ = {
			isa = PBXGroup;
			children = (
				586AAB3176832671EA2770B4 /* Pods-TranslationTwitter2.debug.xcconfig */,
				C595A80E96153BBB257F7869 /* Pods-TranslationTwitter2.release.xcconfig */,
			);
			name = Pods;
			sourceTree = "<group>";
		};
		BFB94994B7079C943A99E53D /* Frameworks */ = {
			isa = PBXGroup;
			children = (
				128603C0BE07B55F6545536D /* Pods_TranslationTwitter2.framework */,
			);
			name = Frameworks;
			sourceTree = "<group>";
		};
		D70118551CA90D0D00B528D5 = {
			isa = PBXGroup;
			children = (
				D70118601CA90D0E00B528D5 /* TranslationTwitter2 */,
				D701185F1CA90D0E00B528D5 /* Products */,
				33D7F10B7A6CCF240F531E15 /* Pods */,
				BFB94994B7079C943A99E53D /* Frameworks */,
			);
			sourceTree = "<group>";
		};
		D701185F1CA90D0E00B528D5 /* Products */ = {
			isa = PBXGroup;
			children = (
				D701185E1CA90D0E00B528D5 /* TranslationTwitter2.app */,
			);
			name = Products;
			sourceTree = "<group>";
		};
		D70118601CA90D0E00B528D5 /* TranslationTwitter2 */ = {
			isa = PBXGroup;
			children = (
				D70118641CA90D0E00B528D5 /* AppDelegate.h */,
				D70118651CA90D0E00B528D5 /* AppDelegate.m */,
				D70118671CA90D0E00B528D5 /* ViewController.h */,
				D70118681CA90D0E00B528D5 /* ViewController.m */,
				D701186A1CA90D0E00B528D5 /* Main.storyboard */,
				D701186D1CA90D0E00B528D5 /* Assets.xcassets */,
				D701186F1CA90D0E00B528D5 /* LaunchScreen.storyboard */,
				D70118721CA90D0E00B528D5 /* Info.plist */,
				D70118611CA90D0E00B528D5 /* Supporting Files */,
			);
			path = TranslationTwitter2;
			sourceTree = "<group>";
		};
		D70118611CA90D0E00B528D5 /* Supporting Files */ = {
			isa = PBXGroup;
			children = (
				D70118621CA90D0E00B528D5 /* main.m */,
			);
			name = "Supporting Files";
			sourceTree = "<group>";
		};
/* End PBXGroup section */

/* Begin PBXNativeTarget section */
		D701185D1CA90D0D00B528D5 /* TranslationTwitter2 */ = {
			isa = PBXNativeTarget;
			buildConfigurationList = D70118751CA90D0E00B528D5 /* Build configuration list for PBXNativeTarget "TranslationTwitter2" */;
			buildPhases = (
				E9A98FCB8F919D71F3CE97D5 /* Check Pods Manifest.lock */,
				D701185A1CA90D0D00B528D5 /* Sources */,
				D701185B1CA90D0D00B528D5 /* Frameworks */,
				D701185C1CA90D0D00B528D5 /* Resources */,
				36605F309E8DC247031651D4 /* Embed Pods Frameworks */,
				5754D4A114B778D94D6335B7 /* Copy Pods Resources */,
			);
			buildRules = (
			);
			dependencies = (
			);
			name = TranslationTwitter2;
			productName = TranslationTwitter2;
			productReference = D701185E1CA90D0E00B528D5 /* TranslationTwitter2.app */;
			productType = "com.apple.product-type.application";
		};
/* End PBXNativeTarget section */

/* Begin PBXProject section */
		D70118561CA90D0D00B528D5 /* Project object */ = {
			isa = PBXProject;
			attributes = {
				LastUpgradeCheck = 0730;
				ORGANIZATIONNAME = SAPPOROWORKS;
				TargetAttributes = {
					D701185D1CA90D0D00B528D5 = {
						CreatedOnToolsVersion = 7.3;
					};
				};
			};
			buildConfigurationList = D70118591CA90D0D00B528D5 /* Build configuration list for PBXProject "TranslationTwitter2" */;
			compatibilityVersion = "Xcode 3.2";
			developmentRegion = English;
			hasScannedForEncodings = 0;
			knownRegions = (
				en,
				Base,
			);
			mainGroup = D70118551CA90D0D00B528D5;
			productRefGroup = D701185F1CA90D0E00B528D5 /* Products */;
			projectDirPath = "";
			projectRoot = "";
			targets = (
				D701185D1CA90D0D00B528D5 /* TranslationTwitter2 */,
			);
		};
/* End PBXProject section */

/* Begin PBXResourcesBuildPhase section */
		D701185C1CA90D0D00B528D5 /* Resources */ = {
			isa = PBXResourcesBuildPhase;
			buildActionMask = 2147483647;
			files = (
				D70118711CA90D0E00B528D5 /* LaunchScreen.storyboard in Resources */,
				D701186E1CA90D0E00B528D5 /* Assets.xcassets in Resources */,
				D701186C1CA90D0E00B528D5 /* Main.storyboard in Resources */,
			);
			runOnlyForDeploymentPostprocessing = 0;
		};
/* End PBXResourcesBuildPhase section */

/* Begin PBXShellScriptBuildPhase section */
		36605F309E8DC247031651D4 /* Embed Pods Frameworks */ = {
			isa = PBXShellScriptBuildPhase;
			buildActionMask = 2147483647;
			files = (
			);
			inputPaths = (
			);
			name = "Embed Pods Frameworks";
			outputPaths = (
			);
			runOnlyForDeploymentPostprocessing = 0;
			shellPath = /bin/sh;
			shellScript = "\"${SRCROOT}/Pods/Target Support Files/Pods-TranslationTwitter2/Pods-TranslationTwitter2-frameworks.sh\"\n";
			showEnvVarsInLog = 0;
		};
		5754D4A114B778D94D6335B7 /* Copy Pods Resources */ = {
			isa = PBXShellScriptBuildPhase;
			buildActionMask = 2147483647;
			files = (
			);
			inputPaths = (
			);
			name = "Copy Pods Resources";
			outputPaths = (
			);
			runOnlyForDeploymentPostprocessing = 0;
			shellPath = /bin/sh;
			shellScript = "\"${SRCROOT}/Pods/Target Support Files/Pods-TranslationTwitter2/Pods-TranslationTwitter2-resources.sh\"\n";
			showEnvVarsInLog = 0;
		};
		E9A98FCB8F919D71F3CE97D5 /* Check Pods Manifest.lock */ = {
			isa = PBXShellScriptBuildPhase;
			buildActionMask = 2147483647;
			files = (
			);
			inputPaths = (
			);
			name = "Check Pods Manifest.lock";
			outputPaths = (
			);
			runOnlyForDeploymentPostprocessing = 0;
			shellPath = /bin/sh;
			shellScript = "diff \"${PODS_ROOT}/../Podfile.lock\" \"${PODS_ROOT}/Manifest.lock\" > /dev/null\nif [[ $? != 0 ]] ; then\n    cat << EOM\nerror: The sandbox is not in sync with the Podfile.lock. Run 'pod install' or update your CocoaPods installation.\nEOM\n    exit 1\nfi\n";
			showEnvVarsInLog = 0;
		};
/* End PBXShellScriptBuildPhase section */

/* Begin PBXSourcesBuildPhase section */
		D701185A1CA90D0D00B528D5 /* Sources */ = {
			isa = PBXSourcesBuildPhase;
			buildActionMask = 2147483647;
			files = (
				D70118691CA90D0E00B528D5 /* ViewController.m in Sources */,
				D70118661CA90D0E00B528D5 /* AppDelegate.m in Sources */,
				D70118631CA90D0E00B528D5 /* main.m in Sources */,
			);
			runOnlyForDeploymentPostprocessing = 0;
		};
/* End PBXSourcesBuildPhase section */

/* Begin PBXVariantGroup section */
		D701186A1CA90D0E00B528D5 /* Main.storyboard */ = {
			isa = PBXVariantGroup;
			children = (
				D701186B1CA90D0E00B528D5 /* Base */,
			);
			name = Main.storyboard;
			sourceTree = "<group>";
		};
		D701186F1CA90D0E00B528D5 /* LaunchScreen.storyboard */ = {
			isa = PBXVariantGroup;
			children = (
				D70118701CA90D0E00B528D5 /* Base */,
			);
			name = LaunchScreen.storyboard;
			sourceTree = "<group>";
		};
/* End PBXVariantGroup section */

/* Begin XCBuildConfiguration section */
		D70118731CA90D0E00B528D5 /* Debug */ = {
			isa = XCBuildConfiguration;
			buildSettings = {
				ALWAYS_SEARCH_USER_PATHS = NO;
				CLANG_ANALYZER_NONNULL = YES;
				CLANG_CXX_LANGUAGE_STANDARD = "gnu++0x";
				CLANG_CXX_LIBRARY = "libc++";
				CLANG_ENABLE_MODULES = YES;
				CLANG_ENABLE_OBJC_ARC = YES;
				CLANG_WARN_BOOL_CONVERSION = YES;
				CLANG_WARN_CONSTANT_CONVERSION = YES;
				CLANG_WARN_DIRECT_OBJC_ISA_USAGE = YES_ERROR;
				CLANG_WARN_EMPTY_BODY = YES;
				CLANG_WARN_ENUM_CONVERSION = YES;
				CLANG_WARN_INT_CONVERSION = YES;
				CLANG_WARN_OBJC_ROOT_CLASS = YES_ERROR;
				CLANG_WARN_UNREACHABLE_CODE = YES;
				CLANG_WARN__DUPLICATE_METHOD_MATCH = YES;
				"CODE_SIGN_IDENTITY[sdk=iphoneos*]" = "iPhone Developer";
				COPY_PHASE_STRIP = NO;
				DEBUG_INFORMATION_FORMAT = dwarf;
				ENABLE_STRICT_OBJC_MSGSEND = YES;
				ENABLE_TESTABILITY = YES;
				GCC_C_LANGUAGE_STANDARD = gnu99;
				GCC_DYNAMIC_NO_PIC = NO;
				GCC_NO_COMMON_BLOCKS = YES;
				GCC_OPTIMIZATION_LEVEL = 0;
				GCC_PREPROCESSOR_DEFINITIONS = (
					"DEBUG=1",
					"$(inherited)",
				);
				GCC_WARN_64_TO_32_BIT_CONVERSION = YES;
				GCC_WARN_ABOUT_RETURN_TYPE = YES_ERROR;
				GCC_WARN_UNDECLARED_SELECTOR = YES;
				GCC_WARN_UNINITIALIZED_AUTOS = YES_AGGRESSIVE;
				GCC_WARN_UNUSED_FUNCTION = YES;
				GCC_WARN_UNUSED_VARIABLE = YES;
				IPHONEOS_DEPLOYMENT_TARGET = 9.3;
				MTL_ENABLE_DEBUG_INFO = YES;
				ONLY_ACTIVE_ARCH = YES;
				SDKROOT = iphoneos;
			};
			name = Debug;
		};
		D70118741CA90D0E00B528D5 /* Release */ = {
			isa = XCBuildConfiguration;
			buildSettings = {
				ALWAYS_SEARCH_USER_PATHS = NO;
				CLANG_ANALYZER_NONNULL = YES;
				CLANG_CXX_LANGUAGE_STANDARD = "gnu++0x";
				CLANG_CXX_LIBRARY = "libc++";
				CLANG_ENABLE_MODULES = YES;
				CLANG_ENABLE_OBJC_ARC = YES;
				CLANG_WARN_BOOL_CONVERSION = YES;
				CLANG_WARN_CONSTANT_CONVERSION = YES;
				CLANG_WARN_DIRECT_OBJC_ISA_USAGE = YES_ERROR;
				CLANG_WARN_EMPTY_BODY = YES;
				CLANG_WARN_ENUM_CONVERSION = YES;
				CLANG_WARN_INT_CONVERSION = YES;
				CLANG_WARN_OBJC_ROOT_CLASS = YES_ERROR;
				CLANG_WARN_UNREACHABLE_CODE = YES;
				CLANG_WARN__DUPLICATE_METHOD_MATCH = YES;
				"CODE_SIGN_IDENTITY[sdk=iphoneos*]" = "iPhone Developer";
				COPY_PHASE_STRIP = NO;
				DEBUG_INFORMATION_FORMAT = "dwarf-with-dsym";
				ENABLE_NS_ASSERTIONS = NO;
				ENABLE_STRICT_OBJC_MSGSEND = YES;
				GCC_C_LANGUAGE_STANDARD = gnu99;
				GCC_NO_COMMON_BLOCKS = YES;
				GCC_WARN_64_TO_32_BIT_CONVERSION = YES;
				GCC_WARN_ABOUT_RETURN_TYPE = YES_ERROR;
				GCC_WARN_UNDECLARED_SELECTOR = YES;
				GCC_WARN_UNINITIALIZED_AUTOS = YES_AGGRESSIVE;
				GCC_WARN_UNUSED_FUNCTION = YES;
				GCC_WARN_UNUSED_VARIABLE = YES;
				IPHONEOS_DEPLOYMENT_TARGET = 9.3;
				MTL_ENABLE_DEBUG_INFO = NO;
				SDKROOT = iphoneos;
				VALIDATE_PRODUCT = YES;
			};
			name = Release;
		};
		D70118761CA90D0E00B528D5 /* Debug */ = {
			isa = XCBuildConfiguration;
			baseConfigurationReference = 586AAB3176832671EA2770B4 /* Pods-TranslationTwitter2.debug.xcconfig */;
			buildSettings = {
				ASSETCATALOG_COMPILER_APPICON_NAME = AppIcon;
				INFOPLIST_FILE = TranslationTwitter2/Info.plist;
				LD_RUNPATH_SEARCH_PATHS = "$(inherited) @executable_path/Frameworks";
				PRODUCT_BUNDLE_IDENTIFIER = jp.ne.sapporoworks.TranslationTwitter2;
				PRODUCT_NAME = "$(TARGET_NAME)";
			};
			name = Debug;
		};
		D70118771CA90D0E00B528D5 /* Release */ = {
			isa = XCBuildConfiguration;
			baseConfigurationReference = C595A80E96153BBB257F7869 /* Pods-TranslationTwitter2.release.xcconfig */;
			buildSettings = {
				ASSETCATALOG_COMPILER_APPICON_NAME = AppIcon;
				INFOPLIST_FILE = TranslationTwitter2/Info.plist;
				LD_RUNPATH_SEARCH_PATHS = "$(inherited) @executable_path/Frameworks";
				PRODUCT_BUNDLE_IDENTIFIER = jp.ne.sapporoworks.TranslationTwitter2;
				PRODUCT_NAME = "$(TARGET_NAME)";
			};
			name = Release;
		};
/* End XCBuildConfiguration section */

/* Begin XCConfigurationList section */
		D70118591CA90D0D00B528D5 /* Build configuration list for PBXProject "TranslationTwitter2" */ = {
			isa = XCConfigurationList;
			buildConfigurations = (
				D70118731CA90D0E00B528D5 /* Debug */,
				D70118741CA90D0E00B528D5 /* Release */,
			);
			defaultConfigurationIsVisible = 0;
			defaultConfigurationName = Release;
		};
		D70118751CA90D0E00B528D5 /* Build configuration list for PBXNativeTarget "TranslationTwitter2" */ = {
			isa = XCConfigurationList;
			buildConfigurations = (
				D70118761CA90D0E00B528D5 /* Debug */,
				D70118771CA90D0E00B528D5 /* Release */,
			);
			defaultConfigurationIsVisible = 0;
			defaultConfigurationName = Release;
		};
/* End XCConfigurationList section */
	};
	rootObject = D70118561CA90D0D00B528D5 /* Project object */;
}
